
Microsoft Visual Studio Solution File, Format Version 12.00
# Visual Studio Version 17
VisualStudioVersion = 17.10.34928.147
MinimumVisualStudioVersion = 10.0.40219.1
Project("{2150E333-8FDC-42A3-9474-1A3956D46DE8}") = "Gateway", "Gateway", "{6889A32E-4D3B-48AC-A9D3-A7E031D088A4}"
EndProject
Project("{9A19103F-16F7-4668-BE54-9A1E7A4F7556}") = "Job.Gateway", "Gateway\Job.Gateway\Job.Gateway.csproj", "{84799659-09DD-4CAF-9EA2-A7BAD956C59D}"
EndProject
Project("{2150E333-8FDC-42A3-9474-1A3956D46DE8}") = "src", "src", "{CDFC29A1-ED4D-45FF-B57D-344E8D638290}"
EndProject
Project("{2150E333-8FDC-42A3-9474-1A3956D46DE8}") = "Services", "Services", "{8A875E52-07BB-4B2A-B3E0-53D0AA05B433}"
EndProject
Project("{2150E333-8FDC-42A3-9474-1A3956D46DE8}") = "Authentication", "Authentication", "{2C69DF81-F986-46D2-A4AA-C396392D07B6}"
EndProject
Project("{9A19103F-16F7-4668-BE54-9A1E7A4F7556}") = "AuthService.API", "src\Services\Authentication\AuthService.API\AuthService.API.csproj", "{0DD79F5B-DC39-4FF1-955A-1A24F98D10D3}"
EndProject
Project("{9A19103F-16F7-4668-BE54-9A1E7A4F7556}") = "AuthService.Business", "src\Services\Authentication\AuthService.Business\AuthService.Business.csproj", "{0BB619EC-1940-4372-93B6-767DA999A028}"
EndProject
Project("{9A19103F-16F7-4668-BE54-9A1E7A4F7556}") = "AuthService.Core", "src\Services\Authentication\AuthService.Core\AuthService.Core.csproj", "{FFEB2F26-4369-4355-B0CB-FAB02BB6CE9E}"
EndProject
Project("{9A19103F-16F7-4668-BE54-9A1E7A4F7556}") = "AuthService.DAL", "src\Services\Authentication\AuthService.DAL\AuthService.DAL.csproj", "{1FFBA137-72E0-4BC4-9B28-6AFA9A2E04D5}"
EndProject
Project("{2150E333-8FDC-42A3-9474-1A3956D46DE8}") = "Shared", "Shared", "{628BF7B6-9020-4775-BE75-F2288A4DE4CD}"
EndProject
Project("{9A19103F-16F7-4668-BE54-9A1E7A4F7556}") = "SharedLibrary", "src\Shared\SharedLibrary.csproj", "{61A30823-F388-4F8C-98FA-E2BC0A8EE4EF}"
EndProject
Project("{2150E333-8FDC-42A3-9474-1A3956D46DE8}") = "Email", "Email", "{2E946A06-5E24-4616-8AE5-3CC89AFE5EA9}"
EndProject
Project("{9A19103F-16F7-4668-BE54-9A1E7A4F7556}") = "EmailService.API", "src\Services\Email\EmailService.API.csproj", "{C4A21D89-0F8B-4D28-A8FE-8FAC6B92BC40}"
EndProject
Project("{2150E333-8FDC-42A3-9474-1A3956D46DE8}") = "Job", "Job", "{D916B47A-6901-4B06-8A3B-4B79FAEA0AFE}"
EndProject
Project("{2150E333-8FDC-42A3-9474-1A3956D46DE8}") = "JobUser", "JobUser", "{A22D62EB-7D14-4ACE-9384-BCE429821A0A}"
EndProject
Project("{9A19103F-16F7-4668-BE54-9A1E7A4F7556}") = "Job.API", "src\Services\Job\JobUser\Job.API\Job.API.csproj", "{E507BE8E-2F28-4008-998D-B10BE4C0A39F}"
EndProject
Project("{9A19103F-16F7-4668-BE54-9A1E7A4F7556}") = "Job.Core", "src\Services\Job\JobUser\Job.Core\Job.Core.csproj", "{1B2F2AA3-1FCC-4701-A8DE-55009ACB238E}"
EndProject
Project("{9A19103F-16F7-4668-BE54-9A1E7A4F7556}") = "Job.Business", "src\Services\Job\JobUser\Job.Business\Job.Business.csproj", "{ED128EB6-C8E0-45DF-B658-506031B38151}"
EndProject
Project("{9A19103F-16F7-4668-BE54-9A1E7A4F7556}") = "Job.DAL", "src\Services\Job\JobUser\Job.DAL\Job.DAL.csproj", "{4EB49EC9-CF61-490B-AE77-492D8D8BE741}"
EndProject
Project("{2150E333-8FDC-42A3-9474-1A3956D46DE8}") = "JobCompany", "JobCompany", "{FD0F92F6-0CAC-4D88-A170-E3FCEFFB8BF2}"
EndProject
Project("{FAE04EC0-301F-11D3-BF4B-00C04F79EFBC}") = "JobCompany.API", "src\Services\Job\JobCompany\JobCompany.API\JobCompany.API.csproj", "{13EA1B37-935F-4E2A-8A26-B469BEB8C145}"
EndProject
Project("{FAE04EC0-301F-11D3-BF4B-00C04F79EFBC}") = "JobCompany.Core", "src\Services\Job\JobCompany\JobCompany.Core\JobCompany.Core.csproj", "{2CBA8F8D-5713-4BDA-AE57-64105E1C926A}"
EndProject
Project("{FAE04EC0-301F-11D3-BF4B-00C04F79EFBC}") = "JobCompany.DAL", "src\Services\Job\JobCompany\JobCompany.DAL\JobCompany.DAL.csproj", "{19F214FF-56D0-47F2-BE90-EB7D7E1B960A}"
EndProject
Project("{FAE04EC0-301F-11D3-BF4B-00C04F79EFBC}") = "JobCompany.Business", "src\Services\Job\JobCompany\JobCompany.Business\JobCompany.Business.csproj", "{40D64037-0BF7-4DE2-B5ED-0717E6BF1E30}"
EndProject
Global
	GlobalSection(SolutionConfigurationPlatforms) = preSolution
		Debug|Any CPU = Debug|Any CPU
		Release|Any CPU = Release|Any CPU
	EndGlobalSection
	GlobalSection(ProjectConfigurationPlatforms) = postSolution
		{84799659-09DD-4CAF-9EA2-A7BAD956C59D}.Debug|Any CPU.ActiveCfg = Debug|Any CPU
		{84799659-09DD-4CAF-9EA2-A7BAD956C59D}.Debug|Any CPU.Build.0 = Debug|Any CPU
		{84799659-09DD-4CAF-9EA2-A7BAD956C59D}.Release|Any CPU.ActiveCfg = Release|Any CPU
		{84799659-09DD-4CAF-9EA2-A7BAD956C59D}.Release|Any CPU.Build.0 = Release|Any CPU
		{0DD79F5B-DC39-4FF1-955A-1A24F98D10D3}.Debug|Any CPU.ActiveCfg = Debug|Any CPU
		{0DD79F5B-DC39-4FF1-955A-1A24F98D10D3}.Debug|Any CPU.Build.0 = Debug|Any CPU
		{0DD79F5B-DC39-4FF1-955A-1A24F98D10D3}.Release|Any CPU.ActiveCfg = Release|Any CPU
		{0DD79F5B-DC39-4FF1-955A-1A24F98D10D3}.Release|Any CPU.Build.0 = Release|Any CPU
		{0BB619EC-1940-4372-93B6-767DA999A028}.Debug|Any CPU.ActiveCfg = Debug|Any CPU
		{0BB619EC-1940-4372-93B6-767DA999A028}.Debug|Any CPU.Build.0 = Debug|Any CPU
		{0BB619EC-1940-4372-93B6-767DA999A028}.Release|Any CPU.ActiveCfg = Release|Any CPU
		{0BB619EC-1940-4372-93B6-767DA999A028}.Release|Any CPU.Build.0 = Release|Any CPU
		{FFEB2F26-4369-4355-B0CB-FAB02BB6CE9E}.Debug|Any CPU.ActiveCfg = Debug|Any CPU
		{FFEB2F26-4369-4355-B0CB-FAB02BB6CE9E}.Debug|Any CPU.Build.0 = Debug|Any CPU
		{FFEB2F26-4369-4355-B0CB-FAB02BB6CE9E}.Release|Any CPU.ActiveCfg = Release|Any CPU
		{FFEB2F26-4369-4355-B0CB-FAB02BB6CE9E}.Release|Any CPU.Build.0 = Release|Any CPU
		{1FFBA137-72E0-4BC4-9B28-6AFA9A2E04D5}.Debug|Any CPU.ActiveCfg = Debug|Any CPU
		{1FFBA137-72E0-4BC4-9B28-6AFA9A2E04D5}.Debug|Any CPU.Build.0 = Debug|Any CPU
		{1FFBA137-72E0-4BC4-9B28-6AFA9A2E04D5}.Release|Any CPU.ActiveCfg = Release|Any CPU
		{1FFBA137-72E0-4BC4-9B28-6AFA9A2E04D5}.Release|Any CPU.Build.0 = Release|Any CPU
		{61A30823-F388-4F8C-98FA-E2BC0A8EE4EF}.Debug|Any CPU.ActiveCfg = Debug|Any CPU
		{61A30823-F388-4F8C-98FA-E2BC0A8EE4EF}.Debug|Any CPU.Build.0 = Debug|Any CPU
		{61A30823-F388-4F8C-98FA-E2BC0A8EE4EF}.Release|Any CPU.ActiveCfg = Release|Any CPU
		{61A30823-F388-4F8C-98FA-E2BC0A8EE4EF}.Release|Any CPU.Build.0 = Release|Any CPU
		{C4A21D89-0F8B-4D28-A8FE-8FAC6B92BC40}.Debug|Any CPU.ActiveCfg = Debug|Any CPU
		{C4A21D89-0F8B-4D28-A8FE-8FAC6B92BC40}.Debug|Any CPU.Build.0 = Debug|Any CPU
		{C4A21D89-0F8B-4D28-A8FE-8FAC6B92BC40}.Release|Any CPU.ActiveCfg = Release|Any CPU
		{C4A21D89-0F8B-4D28-A8FE-8FAC6B92BC40}.Release|Any CPU.Build.0 = Release|Any CPU
		{E507BE8E-2F28-4008-998D-B10BE4C0A39F}.Debug|Any CPU.ActiveCfg = Debug|Any CPU
		{E507BE8E-2F28-4008-998D-B10BE4C0A39F}.Debug|Any CPU.Build.0 = Debug|Any CPU
		{E507BE8E-2F28-4008-998D-B10BE4C0A39F}.Release|Any CPU.ActiveCfg = Release|Any CPU
		{E507BE8E-2F28-4008-998D-B10BE4C0A39F}.Release|Any CPU.Build.0 = Release|Any CPU
		{1B2F2AA3-1FCC-4701-A8DE-55009ACB238E}.Debug|Any CPU.ActiveCfg = Debug|Any CPU
		{1B2F2AA3-1FCC-4701-A8DE-55009ACB238E}.Debug|Any CPU.Build.0 = Debug|Any CPU
		{1B2F2AA3-1FCC-4701-A8DE-55009ACB238E}.Release|Any CPU.ActiveCfg = Release|Any CPU
		{1B2F2AA3-1FCC-4701-A8DE-55009ACB238E}.Release|Any CPU.Build.0 = Release|Any CPU
		{ED128EB6-C8E0-45DF-B658-506031B38151}.Debug|Any CPU.ActiveCfg = Debug|Any CPU
		{ED128EB6-C8E0-45DF-B658-506031B38151}.Debug|Any CPU.Build.0 = Debug|Any CPU
		{ED128EB6-C8E0-45DF-B658-506031B38151}.Release|Any CPU.ActiveCfg = Release|Any CPU
		{ED128EB6-C8E0-45DF-B658-506031B38151}.Release|Any CPU.Build.0 = Release|Any CPU
		{4EB49EC9-CF61-490B-AE77-492D8D8BE741}.Debug|Any CPU.ActiveCfg = Debug|Any CPU
		{4EB49EC9-CF61-490B-AE77-492D8D8BE741}.Debug|Any CPU.Build.0 = Debug|Any CPU
		{4EB49EC9-CF61-490B-AE77-492D8D8BE741}.Release|Any CPU.ActiveCfg = Release|Any CPU
		{4EB49EC9-CF61-490B-AE77-492D8D8BE741}.Release|Any CPU.Build.0 = Release|Any CPU
		{13EA1B37-935F-4E2A-8A26-B469BEB8C145}.Debug|Any CPU.ActiveCfg = Debug|Any CPU
		{13EA1B37-935F-4E2A-8A26-B469BEB8C145}.Debug|Any CPU.Build.0 = Debug|Any CPU
		{13EA1B37-935F-4E2A-8A26-B469BEB8C145}.Release|Any CPU.ActiveCfg = Release|Any CPU
		{13EA1B37-935F-4E2A-8A26-B469BEB8C145}.Release|Any CPU.Build.0 = Release|Any CPU
		{2CBA8F8D-5713-4BDA-AE57-64105E1C926A}.Debug|Any CPU.ActiveCfg = Debug|Any CPU
		{2CBA8F8D-5713-4BDA-AE57-64105E1C926A}.Debug|Any CPU.Build.0 = Debug|Any CPU
		{2CBA8F8D-5713-4BDA-AE57-64105E1C926A}.Release|Any CPU.ActiveCfg = Release|Any CPU
		{2CBA8F8D-5713-4BDA-AE57-64105E1C926A}.Release|Any CPU.Build.0 = Release|Any CPU
		{19F214FF-56D0-47F2-BE90-EB7D7E1B960A}.Debug|Any CPU.ActiveCfg = Debug|Any CPU
		{19F214FF-56D0-47F2-BE90-EB7D7E1B960A}.Debug|Any CPU.Build.0 = Debug|Any CPU
		{19F214FF-56D0-47F2-BE90-EB7D7E1B960A}.Release|Any CPU.ActiveCfg = Release|Any CPU
		{19F214FF-56D0-47F2-BE90-EB7D7E1B960A}.Release|Any CPU.Build.0 = Release|Any CPU
		{40D64037-0BF7-4DE2-B5ED-0717E6BF1E30}.Debug|Any CPU.ActiveCfg = Debug|Any CPU
		{40D64037-0BF7-4DE2-B5ED-0717E6BF1E30}.Debug|Any CPU.Build.0 = Debug|Any CPU
		{40D64037-0BF7-4DE2-B5ED-0717E6BF1E30}.Release|Any CPU.ActiveCfg = Release|Any CPU
		{40D64037-0BF7-4DE2-B5ED-0717E6BF1E30}.Release|Any CPU.Build.0 = Release|Any CPU
	EndGlobalSection
	GlobalSection(SolutionProperties) = preSolution
		HideSolutionNode = FALSE
	EndGlobalSection
	GlobalSection(NestedProjects) = preSolution
		{84799659-09DD-4CAF-9EA2-A7BAD956C59D} = {6889A32E-4D3B-48AC-A9D3-A7E031D088A4}
		{8A875E52-07BB-4B2A-B3E0-53D0AA05B433} = {CDFC29A1-ED4D-45FF-B57D-344E8D638290}
		{2C69DF81-F986-46D2-A4AA-C396392D07B6} = {8A875E52-07BB-4B2A-B3E0-53D0AA05B433}
		{0DD79F5B-DC39-4FF1-955A-1A24F98D10D3} = {2C69DF81-F986-46D2-A4AA-C396392D07B6}
		{0BB619EC-1940-4372-93B6-767DA999A028} = {2C69DF81-F986-46D2-A4AA-C396392D07B6}
		{FFEB2F26-4369-4355-B0CB-FAB02BB6CE9E} = {2C69DF81-F986-46D2-A4AA-C396392D07B6}
		{1FFBA137-72E0-4BC4-9B28-6AFA9A2E04D5} = {2C69DF81-F986-46D2-A4AA-C396392D07B6}
		{628BF7B6-9020-4775-BE75-F2288A4DE4CD} = {CDFC29A1-ED4D-45FF-B57D-344E8D638290}
		{61A30823-F388-4F8C-98FA-E2BC0A8EE4EF} = {628BF7B6-9020-4775-BE75-F2288A4DE4CD}
		{2E946A06-5E24-4616-8AE5-3CC89AFE5EA9} = {8A875E52-07BB-4B2A-B3E0-53D0AA05B433}
		{C4A21D89-0F8B-4D28-A8FE-8FAC6B92BC40} = {2E946A06-5E24-4616-8AE5-3CC89AFE5EA9}
		{D916B47A-6901-4B06-8A3B-4B79FAEA0AFE} = {8A875E52-07BB-4B2A-B3E0-53D0AA05B433}
		{A22D62EB-7D14-4ACE-9384-BCE429821A0A} = {D916B47A-6901-4B06-8A3B-4B79FAEA0AFE}
		{E507BE8E-2F28-4008-998D-B10BE4C0A39F} = {A22D62EB-7D14-4ACE-9384-BCE429821A0A}
		{1B2F2AA3-1FCC-4701-A8DE-55009ACB238E} = {A22D62EB-7D14-4ACE-9384-BCE429821A0A}
		{ED128EB6-C8E0-45DF-B658-506031B38151} = {A22D62EB-7D14-4ACE-9384-BCE429821A0A}
		{4EB49EC9-CF61-490B-AE77-492D8D8BE741} = {A22D62EB-7D14-4ACE-9384-BCE429821A0A}
		{FD0F92F6-0CAC-4D88-A170-E3FCEFFB8BF2} = {D916B47A-6901-4B06-8A3B-4B79FAEA0AFE}
		{13EA1B37-935F-4E2A-8A26-B469BEB8C145} = {FD0F92F6-0CAC-4D88-A170-E3FCEFFB8BF2}
		{2CBA8F8D-5713-4BDA-AE57-64105E1C926A} = {FD0F92F6-0CAC-4D88-A170-E3FCEFFB8BF2}
		{19F214FF-56D0-47F2-BE90-EB7D7E1B960A} = {FD0F92F6-0CAC-4D88-A170-E3FCEFFB8BF2}
		{40D64037-0BF7-4DE2-B5ED-0717E6BF1E30} = {FD0F92F6-0CAC-4D88-A170-E3FCEFFB8BF2}
	EndGlobalSection
	GlobalSection(ExtensibilityGlobals) = postSolution
		SolutionGuid = {BB37E31A-C5BF-4638-BACA-2E8595D4239B}
	EndGlobalSection
EndGlobal
